
Microsoft Visual Studio Solution File, Format Version 12.00
# Visual Studio Version 17
VisualStudioVersion = 17.0.31903.59
MinimumVisualStudioVersion = 10.0.40219.1
Project("{2150E333-8FDC-42A3-9474-1A3956D46DE8}") = "src", "src", "{C5071E0E-D9E9-4C6F-9F30-473D6E048BDE}"
EndProject
Project("{FAE04EC0-301F-11D3-BF4B-00C04F79EFBC}") = "Compendium.Adapters.PostgreSQL", "src\Compendium.Adapters.PostgreSQL\Compendium.Adapters.PostgreSQL.csproj", "{FC5333B0-9AED-45F2-99DD-289D98C9C57D}"
EndProject
Project("{2150E333-8FDC-42A3-9474-1A3956D46DE8}") = "tests", "tests", "{1F6ED87A-B20E-4930-849E-F5760B889827}"
EndProject
Project("{2150E333-8FDC-42A3-9474-1A3956D46DE8}") = "Unit", "Unit", "{BC6E7D32-E89F-4F28-A974-686CF5D826C7}"
EndProject
Project("{FAE04EC0-301F-11D3-BF4B-00C04F79EFBC}") = "Compendium.Adapters.PostgreSQL.Tests", "tests\Unit\Compendium.Adapters.PostgreSQL.Tests\Compendium.Adapters.PostgreSQL.Tests.csproj", "{D6143583-483B-4698-BDA5-2992F2609D48}"
EndProject
Project("{2150E333-8FDC-42A3-9474-1A3956D46DE8}") = "Integration", "Integration", "{883F996F-6F2E-49E7-BCA4-DC737103768C}"
EndProject
Project("{FAE04EC0-301F-11D3-BF4B-00C04F79EFBC}") = "Compendium.Adapters.PostgreSQL.IntegrationTests", "tests\Integration\Compendium.Adapters.PostgreSQL.IntegrationTests\Compendium.Adapters.PostgreSQL.IntegrationTests.csproj", "{4D7DFA6D-8ED8-408E-8FA1-93BBBAEAAD59}"
EndProject
Global
	GlobalSection(SolutionConfigurationPlatforms) = preSolution
		Debug|Any CPU = Debug|Any CPU
		Release|Any CPU = Release|Any CPU
	EndGlobalSection
	GlobalSection(SolutionProperties) = preSolution
		HideSolutionNode = FALSE
	EndGlobalSection
	GlobalSection(ProjectConfigurationPlatforms) = postSolution
		{FC5333B0-9AED-45F2-99DD-289D98C9C57D}.Debug|Any CPU.ActiveCfg = Debug|Any CPU
		{FC5333B0-9AED-45F2-99DD-289D98C9C57D}.Debug|Any CPU.Build.0 = Debug|Any CPU
		{FC5333B0-9AED-45F2-99DD-289D98C9C57D}.Release|Any CPU.ActiveCfg = Release|Any CPU
		{FC5333B0-9AED-45F2-99DD-289D98C9C57D}.Release|Any CPU.Build.0 = Release|Any CPU
		{D6143583-483B-4698-BDA5-2992F2609D48}.Debug|Any CPU.ActiveCfg = Debug|Any CPU
		{D6143583-483B-4698-BDA5-2992F2609D48}.Debug|Any CPU.Build.0 = Debug|Any CPU
		{D6143583-483B-4698-BDA5-2992F2609D48}.Release|Any CPU.ActiveCfg = Release|Any CPU
		{D6143583-483B-4698-BDA5-2992F2609D48}.Release|Any CPU.Build.0 = Release|Any CPU
		{4D7DFA6D-8ED8-408E-8FA1-93BBBAEAAD59}.Debug|Any CPU.ActiveCfg = Debug|Any CPU
		{4D7DFA6D-8ED8-408E-8FA1-93BBBAEAAD59}.Debug|Any CPU.Build.0 = Debug|Any CPU
		{4D7DFA6D-8ED8-408E-8FA1-93BBBAEAAD59}.Release|Any CPU.ActiveCfg = Release|Any CPU
		{4D7DFA6D-8ED8-408E-8FA1-93BBBAEAAD59}.Release|Any CPU.Build.0 = Release|Any CPU
	EndGlobalSection
	GlobalSection(NestedProjects) = preSolution
		{FC5333B0-9AED-45F2-99DD-289D98C9C57D} = {C5071E0E-D9E9-4C6F-9F30-473D6E048BDE}
		{BC6E7D32-E89F-4F28-A974-686CF5D826C7} = {1F6ED87A-B20E-4930-849E-F5760B889827}
		{D6143583-483B-4698-BDA5-2992F2609D48} = {BC6E7D32-E89F-4F28-A974-686CF5D826C7}
		{883F996F-6F2E-49E7-BCA4-DC737103768C} = {1F6ED87A-B20E-4930-849E-F5760B889827}
		{4D7DFA6D-8ED8-408E-8FA1-93BBBAEAAD59} = {883F996F-6F2E-49E7-BCA4-DC737103768C}
	EndGlobalSection
EndGlobal
